
Microsoft Visual Studio Solution File, Format Version 12.00
# Visual Studio Version 17
VisualStudioVersion = 17.5.33414.496
MinimumVisualStudioVersion = 10.0.40219.1
Project("{9A19103F-16F7-4668-BE54-9A1E7A4F7556}") = "PieShop", "PieShop\PieShop.csproj", "{348FD499-E0F3-4AE7-A25B-04F6F14E39F0}"
EndProject
Global
	GlobalSection(SolutionConfigurationPlatforms) = preSolution
		Debug|Any CPU = Debug|Any CPU
		Release|Any CPU = Release|Any CPU
	EndGlobalSection
	GlobalSection(ProjectConfigurationPlatforms) = postSolution
		{348FD499-E0F3-4AE7-A25B-04F6F14E39F0}.Debug|Any CPU.ActiveCfg = Debug|Any CPU
		{348FD499-E0F3-4AE7-A25B-04F6F14E39F0}.Debug|Any CPU.Build.0 = Debug|Any CPU
		{348FD499-E0F3-4AE7-A25B-04F6F14E39F0}.Release|Any CPU.ActiveCfg = Release|Any CPU
		{348FD499-E0F3-4AE7-A25B-04F6F14E39F0}.Release|Any CPU.Build.0 = Release|Any CPU
	EndGlobalSection
	GlobalSection(SolutionProperties) = preSolution
		HideSolutionNode = FALSE
	EndGlobalSection
	GlobalSection(ExtensibilityGlobals) = postSolution
		SolutionGuid = {A4C8F8B2-6802-4795-AAD0-491A7107BB46}
	EndGlobalSection
EndGlobal
